// !$*UTF8*$!
{
	archiveVersion = 1;
	classes = {
	};
	objectVersion = 56;
	objects = {

/* Begin PBXBuildFile section */
		6A2C70592984215B001E9074 /* LoginView.swift in Sources */ = {isa = PBXBuildFile; fileRef = 6A2C70582984215B001E9074 /* LoginView.swift */; };
		6A2C705B29842169001E9074 /* LoginViewModel.swift in Sources */ = {isa = PBXBuildFile; fileRef = 6A2C705A29842169001E9074 /* LoginViewModel.swift */; };
		6A2C705F298422F6001E9074 /* Resources.xcassets in Resources */ = {isa = PBXBuildFile; fileRef = 6A2C705E298422F6001E9074 /* Resources.xcassets */; };
		6A2C7063298423AE001E9074 /* Colors.swift in Sources */ = {isa = PBXBuildFile; fileRef = 6A2C7062298423AE001E9074 /* Colors.swift */; };
		6ADDD0682983B54B007F48E2 /* Wenea_App.swift in Sources */ = {isa = PBXBuildFile; fileRef = 6ADDD0672983B54B007F48E2 /* Wenea_App.swift */; };
		6ADDD06C2983B54D007F48E2 /* Assets.xcassets in Resources */ = {isa = PBXBuildFile; fileRef = 6ADDD06B2983B54D007F48E2 /* Assets.xcassets */; };
		6ADDD06F2983B54D007F48E2 /* Preview Assets.xcassets in Resources */ = {isa = PBXBuildFile; fileRef = 6ADDD06E2983B54D007F48E2 /* Preview Assets.xcassets */; };
		6ADDD0792983B54E007F48E2 /* Wenea_TestTests.swift in Sources */ = {isa = PBXBuildFile; fileRef = 6ADDD0782983B54E007F48E2 /* Wenea_TestTests.swift */; };
		6ADDD0832983B54E007F48E2 /* Wenea_TestUITests.swift in Sources */ = {isa = PBXBuildFile; fileRef = 6ADDD0822983B54E007F48E2 /* Wenea_TestUITests.swift */; };
		6ADDD0852983B54E007F48E2 /* Wenea_TestUITestsLaunchTests.swift in Sources */ = {isa = PBXBuildFile; fileRef = 6ADDD0842983B54E007F48E2 /* Wenea_TestUITestsLaunchTests.swift */; };
		6AF74C6529854FD100CF9606 /* Feedback.swift in Sources */ = {isa = PBXBuildFile; fileRef = 6AF74C6429854FD100CF9606 /* Feedback.swift */; };
		6AF74C6729854FD400CF9606 /* System.swift in Sources */ = {isa = PBXBuildFile; fileRef = 6AF74C6629854FD400CF9606 /* System.swift */; };
		6AF74C6A2985526F00CF9606 /* Colors.xcassets in Resources */ = {isa = PBXBuildFile; fileRef = 6AF74C692985526F00CF9606 /* Colors.xcassets */; };
		6AF74C6C298555D900CF9606 /* User.swift in Sources */ = {isa = PBXBuildFile; fileRef = 6AF74C6B298555D900CF9606 /* User.swift */; };
		6AF74C6E2985868D00CF9606 /* LoginUseCase.swift in Sources */ = {isa = PBXBuildFile; fileRef = 6AF74C6D2985868D00CF9606 /* LoginUseCase.swift */; };
		6AF74C732985898700CF9606 /* DataContainerDI.swift in Sources */ = {isa = PBXBuildFile; fileRef = 6AF74C722985898700CF9606 /* DataContainerDI.swift */; };
		6AF74C75298589AD00CF9606 /* DomainContainerDI.swift in Sources */ = {isa = PBXBuildFile; fileRef = 6AF74C74298589AD00CF9606 /* DomainContainerDI.swift */; };
		6AF74C7729858AF400CF9606 /* LoginRepository.swift in Sources */ = {isa = PBXBuildFile; fileRef = 6AF74C7629858AF400CF9606 /* LoginRepository.swift */; };
		6AF74C7929858BD600CF9606 /* LoginService.swift in Sources */ = {isa = PBXBuildFile; fileRef = 6AF74C7829858BD600CF9606 /* LoginService.swift */; };
		6AF74C7C29858C1200CF9606 /* LoginParams.swift in Sources */ = {isa = PBXBuildFile; fileRef = 6AF74C7B29858C1200CF9606 /* LoginParams.swift */; };
		6AF74C8029858C6400CF9606 /* LoginResponse.swift in Sources */ = {isa = PBXBuildFile; fileRef = 6AF74C7F29858C6400CF9606 /* LoginResponse.swift */; };
		6AF74C8229858D9400CF9606 /* RemoteService.swift in Sources */ = {isa = PBXBuildFile; fileRef = 6AF74C8129858D9400CF9606 /* RemoteService.swift */; };
		6AF74C872985906E00CF9606 /* UserDefault.swift in Sources */ = {isa = PBXBuildFile; fileRef = 6AF74C842985906C00CF9606 /* UserDefault.swift */; };
		6AF74C882985906E00CF9606 /* AnyOptional.swift in Sources */ = {isa = PBXBuildFile; fileRef = 6AF74C852985906D00CF9606 /* AnyOptional.swift */; };
/* End PBXBuildFile section */

/* Begin PBXContainerItemProxy section */
		6ADDD0752983B54E007F48E2 /* PBXContainerItemProxy */ = {
			isa = PBXContainerItemProxy;
			containerPortal = 6ADDD05C2983B54B007F48E2 /* Project object */;
			proxyType = 1;
			remoteGlobalIDString = 6ADDD0632983B54B007F48E2;
			remoteInfo = Wenea_Test;
		};
		6ADDD07F2983B54E007F48E2 /* PBXContainerItemProxy */ = {
			isa = PBXContainerItemProxy;
			containerPortal = 6ADDD05C2983B54B007F48E2 /* Project object */;
			proxyType = 1;
			remoteGlobalIDString = 6ADDD0632983B54B007F48E2;
			remoteInfo = Wenea_Test;
		};
/* End PBXContainerItemProxy section */

/* Begin PBXFileReference section */
		6A2C70582984215B001E9074 /* LoginView.swift */ = {isa = PBXFileReference; lastKnownFileType = sourcecode.swift; path = LoginView.swift; sourceTree = "<group>"; };
		6A2C705A29842169001E9074 /* LoginViewModel.swift */ = {isa = PBXFileReference; lastKnownFileType = sourcecode.swift; path = LoginViewModel.swift; sourceTree = "<group>"; };
		6A2C705E298422F6001E9074 /* Resources.xcassets */ = {isa = PBXFileReference; lastKnownFileType = folder.assetcatalog; path = Resources.xcassets; sourceTree = "<group>"; };
		6A2C7062298423AE001E9074 /* Colors.swift */ = {isa = PBXFileReference; lastKnownFileType = sourcecode.swift; path = Colors.swift; sourceTree = "<group>"; };
		6ADDD0642983B54B007F48E2 /* Wenea_Test.app */ = {isa = PBXFileReference; explicitFileType = wrapper.application; includeInIndex = 0; path = Wenea_Test.app; sourceTree = BUILT_PRODUCTS_DIR; };
		6ADDD0672983B54B007F48E2 /* Wenea_App.swift */ = {isa = PBXFileReference; lastKnownFileType = sourcecode.swift; path = Wenea_App.swift; sourceTree = "<group>"; };
		6ADDD06B2983B54D007F48E2 /* Assets.xcassets */ = {isa = PBXFileReference; lastKnownFileType = folder.assetcatalog; path = Assets.xcassets; sourceTree = "<group>"; };
		6ADDD06E2983B54D007F48E2 /* Preview Assets.xcassets */ = {isa = PBXFileReference; lastKnownFileType = folder.assetcatalog; path = "Preview Assets.xcassets"; sourceTree = "<group>"; };
		6ADDD0742983B54E007F48E2 /* Wenea_TestTests.xctest */ = {isa = PBXFileReference; explicitFileType = wrapper.cfbundle; includeInIndex = 0; path = Wenea_TestTests.xctest; sourceTree = BUILT_PRODUCTS_DIR; };
		6ADDD0782983B54E007F48E2 /* Wenea_TestTests.swift */ = {isa = PBXFileReference; lastKnownFileType = sourcecode.swift; path = Wenea_TestTests.swift; sourceTree = "<group>"; };
		6ADDD07E2983B54E007F48E2 /* Wenea_TestUITests.xctest */ = {isa = PBXFileReference; explicitFileType = wrapper.cfbundle; includeInIndex = 0; path = Wenea_TestUITests.xctest; sourceTree = BUILT_PRODUCTS_DIR; };
		6ADDD0822983B54E007F48E2 /* Wenea_TestUITests.swift */ = {isa = PBXFileReference; lastKnownFileType = sourcecode.swift; path = Wenea_TestUITests.swift; sourceTree = "<group>"; };
		6ADDD0842983B54E007F48E2 /* Wenea_TestUITestsLaunchTests.swift */ = {isa = PBXFileReference; lastKnownFileType = sourcecode.swift; path = Wenea_TestUITestsLaunchTests.swift; sourceTree = "<group>"; };
		6AF74C6429854FD100CF9606 /* Feedback.swift */ = {isa = PBXFileReference; lastKnownFileType = sourcecode.swift; path = Feedback.swift; sourceTree = "<group>"; };
		6AF74C6629854FD400CF9606 /* System.swift */ = {isa = PBXFileReference; lastKnownFileType = sourcecode.swift; path = System.swift; sourceTree = "<group>"; };
		6AF74C692985526F00CF9606 /* Colors.xcassets */ = {isa = PBXFileReference; lastKnownFileType = folder.assetcatalog; path = Colors.xcassets; sourceTree = "<group>"; };
		6AF74C6B298555D900CF9606 /* User.swift */ = {isa = PBXFileReference; lastKnownFileType = sourcecode.swift; path = User.swift; sourceTree = "<group>"; };
		6AF74C6D2985868D00CF9606 /* LoginUseCase.swift */ = {isa = PBXFileReference; lastKnownFileType = sourcecode.swift; path = LoginUseCase.swift; sourceTree = "<group>"; };
		6AF74C722985898700CF9606 /* DataContainerDI.swift */ = {isa = PBXFileReference; lastKnownFileType = sourcecode.swift; path = DataContainerDI.swift; sourceTree = "<group>"; };
		6AF74C74298589AD00CF9606 /* DomainContainerDI.swift */ = {isa = PBXFileReference; lastKnownFileType = sourcecode.swift; path = DomainContainerDI.swift; sourceTree = "<group>"; };
		6AF74C7629858AF400CF9606 /* LoginRepository.swift */ = {isa = PBXFileReference; lastKnownFileType = sourcecode.swift; path = LoginRepository.swift; sourceTree = "<group>"; };
		6AF74C7829858BD600CF9606 /* LoginService.swift */ = {isa = PBXFileReference; lastKnownFileType = sourcecode.swift; path = LoginService.swift; sourceTree = "<group>"; };
		6AF74C7B29858C1200CF9606 /* LoginParams.swift */ = {isa = PBXFileReference; lastKnownFileType = sourcecode.swift; path = LoginParams.swift; sourceTree = "<group>"; };
		6AF74C7F29858C6400CF9606 /* LoginResponse.swift */ = {isa = PBXFileReference; lastKnownFileType = sourcecode.swift; path = LoginResponse.swift; sourceTree = "<group>"; };
		6AF74C8129858D9400CF9606 /* RemoteService.swift */ = {isa = PBXFileReference; lastKnownFileType = sourcecode.swift; path = RemoteService.swift; sourceTree = "<group>"; };
		6AF74C842985906C00CF9606 /* UserDefault.swift */ = {isa = PBXFileReference; fileEncoding = 4; lastKnownFileType = sourcecode.swift; path = UserDefault.swift; sourceTree = "<group>"; };
		6AF74C852985906D00CF9606 /* AnyOptional.swift */ = {isa = PBXFileReference; fileEncoding = 4; lastKnownFileType = sourcecode.swift; path = AnyOptional.swift; sourceTree = "<group>"; };
/* End PBXFileReference section */

/* Begin PBXFrameworksBuildPhase section */
		6ADDD0612983B54B007F48E2 /* Frameworks */ = {
			isa = PBXFrameworksBuildPhase;
			buildActionMask = 2147483647;
			files = (
			);
			runOnlyForDeploymentPostprocessing = 0;
		};
		6ADDD0712983B54E007F48E2 /* Frameworks */ = {
			isa = PBXFrameworksBuildPhase;
			buildActionMask = 2147483647;
			files = (
			);
			runOnlyForDeploymentPostprocessing = 0;
		};
		6ADDD07B2983B54E007F48E2 /* Frameworks */ = {
			isa = PBXFrameworksBuildPhase;
			buildActionMask = 2147483647;
			files = (
			);
			runOnlyForDeploymentPostprocessing = 0;
		};
/* End PBXFrameworksBuildPhase section */

/* Begin PBXGroup section */
		6A2C70572984212A001E9074 /* Login */ = {
			isa = PBXGroup;
			children = (
				6A2C70582984215B001E9074 /* LoginView.swift */,
				6A2C705A29842169001E9074 /* LoginViewModel.swift */,
			);
			path = Login;
			sourceTree = "<group>";
		};
		6A2C705C29842228001E9074 /* Commons */ = {
			isa = PBXGroup;
			children = (
				6A2C706029842348001E9074 /* Colors+ */,
			);
			path = Commons;
			sourceTree = "<group>";
		};
		6A2C705D298422B0001E9074 /* SupportingFiles */ = {
			isa = PBXGroup;
			children = (
				6ADDD06B2983B54D007F48E2 /* Assets.xcassets */,
				6A2C705E298422F6001E9074 /* Resources.xcassets */,
				6AF74C692985526F00CF9606 /* Colors.xcassets */,
			);
			path = SupportingFiles;
			sourceTree = "<group>";
		};
		6A2C706029842348001E9074 /* Colors+ */ = {
			isa = PBXGroup;
			children = (
				6A2C7062298423AE001E9074 /* Colors.swift */,
			);
			path = "Colors+";
			sourceTree = "<group>";
		};
		6A2C706129842371001E9074 /* App */ = {
			isa = PBXGroup;
			children = (
				6ADDD0672983B54B007F48E2 /* Wenea_App.swift */,
			);
			path = App;
			sourceTree = "<group>";
		};
		6A6F4BFB2983D50D005D02DB /* Core */ = {
			isa = PBXGroup;
			children = (
				6AF74C702985896700CF9606 /* Base */,
				6A2C705C29842228001E9074 /* Commons */,
			);
			path = Core;
			sourceTree = "<group>";
		};
		6A6F4BFC2983D513005D02DB /* Domain */ = {
			isa = PBXGroup;
			children = (
				6A6F4C012983D590005D02DB /* UseCase */,
				6A6F4BFF2983D57B005D02DB /* Entity */,
			);
			path = Domain;
			sourceTree = "<group>";
		};
		6A6F4BFD2983D519005D02DB /* Presentation */ = {
			isa = PBXGroup;
			children = (
				6AF74C6129854F9C00CF9606 /* Features */,
			);
			path = Presentation;
			sourceTree = "<group>";
		};
		6A6F4BFE2983D520005D02DB /* Data */ = {
			isa = PBXGroup;
			children = (
				6AF74C7A29858BFF00CF9606 /* Entity */,
				6AF74C5F29854F2100CF9606 /* Repository */,
				6AF74C8329858EEE00CF9606 /* LocalService */,
				6AF74C6029854F3500CF9606 /* ApiService */,
			);
			path = Data;
			sourceTree = "<group>";
		};
		6A6F4BFF2983D57B005D02DB /* Entity */ = {
			isa = PBXGroup;
			children = (
				6AF74C6B298555D900CF9606 /* User.swift */,
			);
			path = Entity;
			sourceTree = "<group>";
		};
		6A6F4C012983D590005D02DB /* UseCase */ = {
			isa = PBXGroup;
			children = (
				6AF74C6D2985868D00CF9606 /* LoginUseCase.swift */,
			);
			path = UseCase;
			sourceTree = "<group>";
		};
		6ADDD05B2983B54B007F48E2 = {
			isa = PBXGroup;
			children = (
				6ADDD0662983B54B007F48E2 /* Wenea_Test */,
				6ADDD0772983B54E007F48E2 /* Wenea_TestTests */,
				6ADDD0812983B54E007F48E2 /* Wenea_TestUITests */,
				6ADDD0652983B54B007F48E2 /* Products */,
			);
			sourceTree = "<group>";
		};
		6ADDD0652983B54B007F48E2 /* Products */ = {
			isa = PBXGroup;
			children = (
				6ADDD0642983B54B007F48E2 /* Wenea_Test.app */,
				6ADDD0742983B54E007F48E2 /* Wenea_TestTests.xctest */,
				6ADDD07E2983B54E007F48E2 /* Wenea_TestUITests.xctest */,
			);
			name = Products;
			sourceTree = "<group>";
		};
		6ADDD0662983B54B007F48E2 /* Wenea_Test */ = {
			isa = PBXGroup;
			children = (
				6A2C706129842371001E9074 /* App */,
				6A2C705D298422B0001E9074 /* SupportingFiles */,
				6A6F4BFB2983D50D005D02DB /* Core */,
				6A6F4BFE2983D520005D02DB /* Data */,
				6A6F4BFC2983D513005D02DB /* Domain */,
				6A6F4BFD2983D519005D02DB /* Presentation */,
				6ADDD06D2983B54D007F48E2 /* Preview Content */,
			);
			path = Wenea_Test;
			sourceTree = "<group>";
		};
		6ADDD06D2983B54D007F48E2 /* Preview Content */ = {
			isa = PBXGroup;
			children = (
				6ADDD06E2983B54D007F48E2 /* Preview Assets.xcassets */,
			);
			path = "Preview Content";
			sourceTree = "<group>";
		};
		6ADDD0772983B54E007F48E2 /* Wenea_TestTests */ = {
			isa = PBXGroup;
			children = (
				6ADDD0782983B54E007F48E2 /* Wenea_TestTests.swift */,
			);
			path = Wenea_TestTests;
			sourceTree = "<group>";
		};
		6ADDD0812983B54E007F48E2 /* Wenea_TestUITests */ = {
			isa = PBXGroup;
			children = (
				6ADDD0822983B54E007F48E2 /* Wenea_TestUITests.swift */,
				6ADDD0842983B54E007F48E2 /* Wenea_TestUITestsLaunchTests.swift */,
			);
			path = Wenea_TestUITests;
			sourceTree = "<group>";
		};
		6AF74C5F29854F2100CF9606 /* Repository */ = {
			isa = PBXGroup;
			children = (
				6AF74C7629858AF400CF9606 /* LoginRepository.swift */,
			);
			path = Repository;
			sourceTree = "<group>";
		};
		6AF74C6029854F3500CF9606 /* ApiService */ = {
			isa = PBXGroup;
			children = (
				6AF74C8129858D9400CF9606 /* RemoteService.swift */,
			);
			path = ApiService;
			sourceTree = "<group>";
		};
		6AF74C6129854F9C00CF9606 /* Features */ = {
			isa = PBXGroup;
			children = (
				6A2C70572984212A001E9074 /* Login */,
			);
			path = Features;
			sourceTree = "<group>";
		};
		6AF74C6829854FE200CF9606 /* Feedback */ = {
			isa = PBXGroup;
			children = (
				6AF74C6429854FD100CF9606 /* Feedback.swift */,
				6AF74C6629854FD400CF9606 /* System.swift */,
			);
			path = Feedback;
			sourceTree = "<group>";
		};
		6AF74C702985896700CF9606 /* Base */ = {
			isa = PBXGroup;
			children = (
				6AF74C8A298592AB00CF9606 /* UserDefault */,
				6AF74C712985897200CF9606 /* DI */,
				6AF74C6829854FE200CF9606 /* Feedback */,
			);
			path = Base;
			sourceTree = "<group>";
		};
		6AF74C712985897200CF9606 /* DI */ = {
			isa = PBXGroup;
			children = (
				6AF74C722985898700CF9606 /* DataContainerDI.swift */,
				6AF74C74298589AD00CF9606 /* DomainContainerDI.swift */,
			);
			path = DI;
			sourceTree = "<group>";
		};
		6AF74C7A29858BFF00CF9606 /* Entity */ = {
			isa = PBXGroup;
			children = (
				6AF74C7E29858C4C00CF9606 /* Response */,
				6AF74C7D29858C4600CF9606 /* Params */,
			);
			path = Entity;
			sourceTree = "<group>";
		};
		6AF74C7D29858C4600CF9606 /* Params */ = {
			isa = PBXGroup;
			children = (
				6AF74C7B29858C1200CF9606 /* LoginParams.swift */,
			);
			path = Params;
			sourceTree = "<group>";
		};
		6AF74C7E29858C4C00CF9606 /* Response */ = {
			isa = PBXGroup;
			children = (
				6AF74C7F29858C6400CF9606 /* LoginResponse.swift */,
			);
			path = Response;
			sourceTree = "<group>";
		};
		6AF74C8329858EEE00CF9606 /* LocalService */ = {
			isa = PBXGroup;
			children = (
				6AF74C7829858BD600CF9606 /* LoginService.swift */,
			);
			path = LocalService;
			sourceTree = "<group>";
		};
		6AF74C8A298592AB00CF9606 /* UserDefault */ = {
			isa = PBXGroup;
			children = (
				6AF74C852985906D00CF9606 /* AnyOptional.swift */,
				6AF74C842985906C00CF9606 /* UserDefault.swift */,
			);
			path = UserDefault;
			sourceTree = "<group>";
		};
/* End PBXGroup section */

/* Begin PBXNativeTarget section */
		6ADDD0632983B54B007F48E2 /* Wenea_Test */ = {
			isa = PBXNativeTarget;
			buildConfigurationList = 6ADDD0882983B54E007F48E2 /* Build configuration list for PBXNativeTarget "Wenea_Test" */;
			buildPhases = (
				6ADDD0602983B54B007F48E2 /* Sources */,
				6ADDD0612983B54B007F48E2 /* Frameworks */,
				6ADDD0622983B54B007F48E2 /* Resources */,
			);
			buildRules = (
			);
			dependencies = (
			);
			name = Wenea_Test;
			productName = Wenea_Test;
			productReference = 6ADDD0642983B54B007F48E2 /* Wenea_Test.app */;
			productType = "com.apple.product-type.application";
		};
		6ADDD0732983B54E007F48E2 /* Wenea_TestTests */ = {
			isa = PBXNativeTarget;
			buildConfigurationList = 6ADDD08B2983B54E007F48E2 /* Build configuration list for PBXNativeTarget "Wenea_TestTests" */;
			buildPhases = (
				6ADDD0702983B54E007F48E2 /* Sources */,
				6ADDD0712983B54E007F48E2 /* Frameworks */,
				6ADDD0722983B54E007F48E2 /* Resources */,
			);
			buildRules = (
			);
			dependencies = (
				6ADDD0762983B54E007F48E2 /* PBXTargetDependency */,
			);
			name = Wenea_TestTests;
			productName = Wenea_TestTests;
			productReference = 6ADDD0742983B54E007F48E2 /* Wenea_TestTests.xctest */;
			productType = "com.apple.product-type.bundle.unit-test";
		};
		6ADDD07D2983B54E007F48E2 /* Wenea_TestUITests */ = {
			isa = PBXNativeTarget;
			buildConfigurationList = 6ADDD08E2983B54E007F48E2 /* Build configuration list for PBXNativeTarget "Wenea_TestUITests" */;
			buildPhases = (
				6ADDD07A2983B54E007F48E2 /* Sources */,
				6ADDD07B2983B54E007F48E2 /* Frameworks */,
				6ADDD07C2983B54E007F48E2 /* Resources */,
			);
			buildRules = (
			);
			dependencies = (
				6ADDD0802983B54E007F48E2 /* PBXTargetDependency */,
			);
			name = Wenea_TestUITests;
			productName = Wenea_TestUITests;
			productReference = 6ADDD07E2983B54E007F48E2 /* Wenea_TestUITests.xctest */;
			productType = "com.apple.product-type.bundle.ui-testing";
		};
/* End PBXNativeTarget section */

/* Begin PBXProject section */
		6ADDD05C2983B54B007F48E2 /* Project object */ = {
			isa = PBXProject;
			attributes = {
				BuildIndependentTargetsInParallel = 1;
				LastSwiftUpdateCheck = 1420;
				LastUpgradeCheck = 1420;
				TargetAttributes = {
					6ADDD0632983B54B007F48E2 = {
						CreatedOnToolsVersion = 14.2;
					};
					6ADDD0732983B54E007F48E2 = {
						CreatedOnToolsVersion = 14.2;
						TestTargetID = 6ADDD0632983B54B007F48E2;
					};
					6ADDD07D2983B54E007F48E2 = {
						CreatedOnToolsVersion = 14.2;
						TestTargetID = 6ADDD0632983B54B007F48E2;
					};
				};
			};
			buildConfigurationList = 6ADDD05F2983B54B007F48E2 /* Build configuration list for PBXProject "Wenea_Test" */;
			compatibilityVersion = "Xcode 14.0";
			developmentRegion = en;
			hasScannedForEncodings = 0;
			knownRegions = (
				en,
				Base,
			);
			mainGroup = 6ADDD05B2983B54B007F48E2;
			productRefGroup = 6ADDD0652983B54B007F48E2 /* Products */;
			projectDirPath = "";
			projectRoot = "";
			targets = (
				6ADDD0632983B54B007F48E2 /* Wenea_Test */,
				6ADDD0732983B54E007F48E2 /* Wenea_TestTests */,
				6ADDD07D2983B54E007F48E2 /* Wenea_TestUITests */,
			);
		};
/* End PBXProject section */

/* Begin PBXResourcesBuildPhase section */
		6ADDD0622983B54B007F48E2 /* Resources */ = {
			isa = PBXResourcesBuildPhase;
			buildActionMask = 2147483647;
			files = (
				6A2C705F298422F6001E9074 /* Resources.xcassets in Resources */,
				6AF74C6A2985526F00CF9606 /* Colors.xcassets in Resources */,
				6ADDD06F2983B54D007F48E2 /* Preview Assets.xcassets in Resources */,
				6ADDD06C2983B54D007F48E2 /* Assets.xcassets in Resources */,
			);
			runOnlyForDeploymentPostprocessing = 0;
		};
		6ADDD0722983B54E007F48E2 /* Resources */ = {
			isa = PBXResourcesBuildPhase;
			buildActionMask = 2147483647;
			files = (
			);
			runOnlyForDeploymentPostprocessing = 0;
		};
		6ADDD07C2983B54E007F48E2 /* Resources */ = {
			isa = PBXResourcesBuildPhase;
			buildActionMask = 2147483647;
			files = (
			);
			runOnlyForDeploymentPostprocessing = 0;
		};
/* End PBXResourcesBuildPhase section */

/* Begin PBXSourcesBuildPhase section */
		6ADDD0602983B54B007F48E2 /* Sources */ = {
			isa = PBXSourcesBuildPhase;
			buildActionMask = 2147483647;
			files = (
				6AF74C872985906E00CF9606 /* UserDefault.swift in Sources */,
				6A2C705B29842169001E9074 /* LoginViewModel.swift in Sources */,
				6A2C7063298423AE001E9074 /* Colors.swift in Sources */,
				6AF74C6529854FD100CF9606 /* Feedback.swift in Sources */,
				6AF74C7C29858C1200CF9606 /* LoginParams.swift in Sources */,
				6A2C70592984215B001E9074 /* LoginView.swift in Sources */,
				6AF74C75298589AD00CF9606 /* DomainContainerDI.swift in Sources */,
				6AF74C8229858D9400CF9606 /* RemoteService.swift in Sources */,
				6AF74C8029858C6400CF9606 /* LoginResponse.swift in Sources */,
				6AF74C6729854FD400CF9606 /* System.swift in Sources */,
				6ADDD0682983B54B007F48E2 /* Wenea_App.swift in Sources */,
				6AF74C7729858AF400CF9606 /* LoginRepository.swift in Sources */,
				6AF74C882985906E00CF9606 /* AnyOptional.swift in Sources */,
				6AF74C7929858BD600CF9606 /* LoginService.swift in Sources */,
				6AF74C6C298555D900CF9606 /* User.swift in Sources */,
				6AF74C6E2985868D00CF9606 /* LoginUseCase.swift in Sources */,
				6AF74C732985898700CF9606 /* DataContainerDI.swift in Sources */,
			);
			runOnlyForDeploymentPostprocessing = 0;
		};
		6ADDD0702983B54E007F48E2 /* Sources */ = {
			isa = PBXSourcesBuildPhase;
			buildActionMask = 2147483647;
			files = (
				6ADDD0792983B54E007F48E2 /* Wenea_TestTests.swift in Sources */,
			);
			runOnlyForDeploymentPostprocessing = 0;
		};
		6ADDD07A2983B54E007F48E2 /* Sources */ = {
			isa = PBXSourcesBuildPhase;
			buildActionMask = 2147483647;
			files = (
				6ADDD0832983B54E007F48E2 /* Wenea_TestUITests.swift in Sources */,
				6ADDD0852983B54E007F48E2 /* Wenea_TestUITestsLaunchTests.swift in Sources */,
			);
			runOnlyForDeploymentPostprocessing = 0;
		};
/* End PBXSourcesBuildPhase section */

/* Begin PBXTargetDependency section */
		6ADDD0762983B54E007F48E2 /* PBXTargetDependency */ = {
			isa = PBXTargetDependency;
			target = 6ADDD0632983B54B007F48E2 /* Wenea_Test */;
			targetProxy = 6ADDD0752983B54E007F48E2 /* PBXContainerItemProxy */;
		};
		6ADDD0802983B54E007F48E2 /* PBXTargetDependency */ = {
			isa = PBXTargetDependency;
			target = 6ADDD0632983B54B007F48E2 /* Wenea_Test */;
			targetProxy = 6ADDD07F2983B54E007F48E2 /* PBXContainerItemProxy */;
		};
/* End PBXTargetDependency section */

/* Begin XCBuildConfiguration section */
		6ADDD0862983B54E007F48E2 /* Debug */ = {
			isa = XCBuildConfiguration;
			buildSettings = {
				ALWAYS_SEARCH_USER_PATHS = NO;
				CLANG_ANALYZER_NONNULL = YES;
				CLANG_ANALYZER_NUMBER_OBJECT_CONVERSION = YES_AGGRESSIVE;
				CLANG_CXX_LANGUAGE_STANDARD = "gnu++20";
				CLANG_ENABLE_MODULES = YES;
				CLANG_ENABLE_OBJC_ARC = YES;
				CLANG_ENABLE_OBJC_WEAK = YES;
				CLANG_WARN_BLOCK_CAPTURE_AUTORELEASING = YES;
				CLANG_WARN_BOOL_CONVERSION = YES;
				CLANG_WARN_COMMA = YES;
				CLANG_WARN_CONSTANT_CONVERSION = YES;
				CLANG_WARN_DEPRECATED_OBJC_IMPLEMENTATIONS = YES;
				CLANG_WARN_DIRECT_OBJC_ISA_USAGE = YES_ERROR;
				CLANG_WARN_DOCUMENTATION_COMMENTS = YES;
				CLANG_WARN_EMPTY_BODY = YES;
				CLANG_WARN_ENUM_CONVERSION = YES;
				CLANG_WARN_INFINITE_RECURSION = YES;
				CLANG_WARN_INT_CONVERSION = YES;
				CLANG_WARN_NON_LITERAL_NULL_CONVERSION = YES;
				CLANG_WARN_OBJC_IMPLICIT_RETAIN_SELF = YES;
				CLANG_WARN_OBJC_LITERAL_CONVERSION = YES;
				CLANG_WARN_OBJC_ROOT_CLASS = YES_ERROR;
				CLANG_WARN_QUOTED_INCLUDE_IN_FRAMEWORK_HEADER = YES;
				CLANG_WARN_RANGE_LOOP_ANALYSIS = YES;
				CLANG_WARN_STRICT_PROTOTYPES = YES;
				CLANG_WARN_SUSPICIOUS_MOVE = YES;
				CLANG_WARN_UNGUARDED_AVAILABILITY = YES_AGGRESSIVE;
				CLANG_WARN_UNREACHABLE_CODE = YES;
				CLANG_WARN__DUPLICATE_METHOD_MATCH = YES;
				COPY_PHASE_STRIP = NO;
				DEBUG_INFORMATION_FORMAT = dwarf;
				ENABLE_STRICT_OBJC_MSGSEND = YES;
				ENABLE_TESTABILITY = YES;
				GCC_C_LANGUAGE_STANDARD = gnu11;
				GCC_DYNAMIC_NO_PIC = NO;
				GCC_NO_COMMON_BLOCKS = YES;
				GCC_OPTIMIZATION_LEVEL = 0;
				GCC_PREPROCESSOR_DEFINITIONS = (
					"DEBUG=1",
					"$(inherited)",
				);
				GCC_WARN_64_TO_32_BIT_CONVERSION = YES;
				GCC_WARN_ABOUT_RETURN_TYPE = YES_ERROR;
				GCC_WARN_UNDECLARED_SELECTOR = YES;
				GCC_WARN_UNINITIALIZED_AUTOS = YES_AGGRESSIVE;
				GCC_WARN_UNUSED_FUNCTION = YES;
				GCC_WARN_UNUSED_VARIABLE = YES;
				IPHONEOS_DEPLOYMENT_TARGET = 16.2;
				MTL_ENABLE_DEBUG_INFO = INCLUDE_SOURCE;
				MTL_FAST_MATH = YES;
				ONLY_ACTIVE_ARCH = YES;
				SDKROOT = iphoneos;
				SWIFT_ACTIVE_COMPILATION_CONDITIONS = DEBUG;
				SWIFT_OPTIMIZATION_LEVEL = "-Onone";
			};
			name = Debug;
		};
		6ADDD0872983B54E007F48E2 /* Release */ = {
			isa = XCBuildConfiguration;
			buildSettings = {
				ALWAYS_SEARCH_USER_PATHS = NO;
				CLANG_ANALYZER_NONNULL = YES;
				CLANG_ANALYZER_NUMBER_OBJECT_CONVERSION = YES_AGGRESSIVE;
				CLANG_CXX_LANGUAGE_STANDARD = "gnu++20";
				CLANG_ENABLE_MODULES = YES;
				CLANG_ENABLE_OBJC_ARC = YES;
				CLANG_ENABLE_OBJC_WEAK = YES;
				CLANG_WARN_BLOCK_CAPTURE_AUTORELEASING = YES;
				CLANG_WARN_BOOL_CONVERSION = YES;
				CLANG_WARN_COMMA = YES;
				CLANG_WARN_CONSTANT_CONVERSION = YES;
				CLANG_WARN_DEPRECATED_OBJC_IMPLEMENTATIONS = YES;
				CLANG_WARN_DIRECT_OBJC_ISA_USAGE = YES_ERROR;
				CLANG_WARN_DOCUMENTATION_COMMENTS = YES;
				CLANG_WARN_EMPTY_BODY = YES;
				CLANG_WARN_ENUM_CONVERSION = YES;
				CLANG_WARN_INFINITE_RECURSION = YES;
				CLANG_WARN_INT_CONVERSION = YES;
				CLANG_WARN_NON_LITERAL_NULL_CONVERSION = YES;
				CLANG_WARN_OBJC_IMPLICIT_RETAIN_SELF = YES;
				CLANG_WARN_OBJC_LITERAL_CONVERSION = YES;
				CLANG_WARN_OBJC_ROOT_CLASS = YES_ERROR;
				CLANG_WARN_QUOTED_INCLUDE_IN_FRAMEWORK_HEADER = YES;
				CLANG_WARN_RANGE_LOOP_ANALYSIS = YES;
				CLANG_WARN_STRICT_PROTOTYPES = YES;
				CLANG_WARN_SUSPICIOUS_MOVE = YES;
				CLANG_WARN_UNGUARDED_AVAILABILITY = YES_AGGRESSIVE;
				CLANG_WARN_UNREACHABLE_CODE = YES;
				CLANG_WARN__DUPLICATE_METHOD_MATCH = YES;
				COPY_PHASE_STRIP = NO;
				DEBUG_INFORMATION_FORMAT = "dwarf-with-dsym";
				ENABLE_NS_ASSERTIONS = NO;
				ENABLE_STRICT_OBJC_MSGSEND = YES;
				GCC_C_LANGUAGE_STANDARD = gnu11;
				GCC_NO_COMMON_BLOCKS = YES;
				GCC_WARN_64_TO_32_BIT_CONVERSION = YES;
				GCC_WARN_ABOUT_RETURN_TYPE = YES_ERROR;
				GCC_WARN_UNDECLARED_SELECTOR = YES;
				GCC_WARN_UNINITIALIZED_AUTOS = YES_AGGRESSIVE;
				GCC_WARN_UNUSED_FUNCTION = YES;
				GCC_WARN_UNUSED_VARIABLE = YES;
				IPHONEOS_DEPLOYMENT_TARGET = 16.2;
				MTL_ENABLE_DEBUG_INFO = NO;
				MTL_FAST_MATH = YES;
				SDKROOT = iphoneos;
				SWIFT_COMPILATION_MODE = wholemodule;
				SWIFT_OPTIMIZATION_LEVEL = "-O";
				VALIDATE_PRODUCT = YES;
			};
			name = Release;
		};
		6ADDD0892983B54E007F48E2 /* Debug */ = {
			isa = XCBuildConfiguration;
			buildSettings = {
				ASSETCATALOG_COMPILER_APPICON_NAME = AppIcon;
				ASSETCATALOG_COMPILER_GLOBAL_ACCENT_COLOR_NAME = AccentColor;
				CODE_SIGN_STYLE = Automatic;
				CURRENT_PROJECT_VERSION = 1;
				DEVELOPMENT_ASSET_PATHS = "\"Wenea_Test/Preview Content\"";
				DEVELOPMENT_TEAM = WHD7W6NDFD;
				ENABLE_PREVIEWS = YES;
				GENERATE_INFOPLIST_FILE = YES;
				INFOPLIST_KEY_UIApplicationSceneManifest_Generation = YES;
				INFOPLIST_KEY_UIApplicationSupportsIndirectInputEvents = YES;
				INFOPLIST_KEY_UILaunchScreen_Generation = YES;
				INFOPLIST_KEY_UISupportedInterfaceOrientations_iPad = "UIInterfaceOrientationPortrait UIInterfaceOrientationPortraitUpsideDown UIInterfaceOrientationLandscapeLeft UIInterfaceOrientationLandscapeRight";
				INFOPLIST_KEY_UISupportedInterfaceOrientations_iPhone = "UIInterfaceOrientationPortrait UIInterfaceOrientationLandscapeLeft UIInterfaceOrientationLandscapeRight";
				LD_RUNPATH_SEARCH_PATHS = (
					"$(inherited)",
					"@executable_path/Frameworks",
				);
				MARKETING_VERSION = 1.0;
				PRODUCT_BUNDLE_IDENTIFIER = "com.eloysn.resultBuilders.Wenea-Test";
				PRODUCT_NAME = "$(TARGET_NAME)";
				SWIFT_EMIT_LOC_STRINGS = YES;
				SWIFT_VERSION = 5.0;
				TARGETED_DEVICE_FAMILY = "1,2";
			};
			name = Debug;
		};
		6ADDD08A2983B54E007F48E2 /* Release */ = {
			isa = XCBuildConfiguration;
			buildSettings = {
				ASSETCATALOG_COMPILER_APPICON_NAME = AppIcon;
				ASSETCATALOG_COMPILER_GLOBAL_ACCENT_COLOR_NAME = AccentColor;
				CODE_SIGN_STYLE = Automatic;
				CURRENT_PROJECT_VERSION = 1;
				DEVELOPMENT_ASSET_PATHS = "\"Wenea_Test/Preview Content\"";
				DEVELOPMENT_TEAM = WHD7W6NDFD;
				ENABLE_PREVIEWS = YES;
				GENERATE_INFOPLIST_FILE = YES;
				INFOPLIST_KEY_UIApplicationSceneManifest_Generation = YES;
				INFOPLIST_KEY_UIApplicationSupportsIndirectInputEvents = YES;
				INFOPLIST_KEY_UILaunchScreen_Generation = YES;
				INFOPLIST_KEY_UISupportedInterfaceOrientations_iPad = "UIInterfaceOrientationPortrait UIInterfaceOrientationPortraitUpsideDown UIInterfaceOrientationLandscapeLeft UIInterfaceOrientationLandscapeRight";
				INFOPLIST_KEY_UISupportedInterfaceOrientations_iPhone = "UIInterfaceOrientationPortrait UIInterfaceOrientationLandscapeLeft UIInterfaceOrientationLandscapeRight";
				LD_RUNPATH_SEARCH_PATHS = (
					"$(inherited)",
					"@executable_path/Frameworks",
				);
				MARKETING_VERSION = 1.0;
				PRODUCT_BUNDLE_IDENTIFIER = "com.eloysn.resultBuilders.Wenea-Test";
				PRODUCT_NAME = "$(TARGET_NAME)";
				SWIFT_EMIT_LOC_STRINGS = YES;
				SWIFT_VERSION = 5.0;
				TARGETED_DEVICE_FAMILY = "1,2";
			};
			name = Release;
		};
		6ADDD08C2983B54E007F48E2 /* Debug */ = {
			isa = XCBuildConfiguration;
			buildSettings = {
				ALWAYS_EMBED_SWIFT_STANDARD_LIBRARIES = YES;
				BUNDLE_LOADER = "$(TEST_HOST)";
				CODE_SIGN_STYLE = Automatic;
				CURRENT_PROJECT_VERSION = 1;
				DEVELOPMENT_TEAM = WHD7W6NDFD;
				GENERATE_INFOPLIST_FILE = YES;
				IPHONEOS_DEPLOYMENT_TARGET = 16.2;
				MARKETING_VERSION = 1.0;
				PRODUCT_BUNDLE_IDENTIFIER = "com.eloysn.resultBuilders.Wenea-TestTests";
				PRODUCT_NAME = "$(TARGET_NAME)";
				SWIFT_EMIT_LOC_STRINGS = NO;
				SWIFT_VERSION = 5.0;
				TARGETED_DEVICE_FAMILY = "1,2";
				TEST_HOST = "$(BUILT_PRODUCTS_DIR)/Wenea_Test.app/$(BUNDLE_EXECUTABLE_FOLDER_PATH)/Wenea_Test";
			};
			name = Debug;
		};
		6ADDD08D2983B54E007F48E2 /* Release */ = {
			isa = XCBuildConfiguration;
			buildSettings = {
				ALWAYS_EMBED_SWIFT_STANDARD_LIBRARIES = YES;
				BUNDLE_LOADER = "$(TEST_HOST)";
				CODE_SIGN_STYLE = Automatic;
				CURRENT_PROJECT_VERSION = 1;
				DEVELOPMENT_TEAM = WHD7W6NDFD;
				GENERATE_INFOPLIST_FILE = YES;
				IPHONEOS_DEPLOYMENT_TARGET = 16.2;
				MARKETING_VERSION = 1.0;
				PRODUCT_BUNDLE_IDENTIFIER = "com.eloysn.resultBuilders.Wenea-TestTests";
				PRODUCT_NAME = "$(TARGET_NAME)";
				SWIFT_EMIT_LOC_STRINGS = NO;
				SWIFT_VERSION = 5.0;
				TARGETED_DEVICE_FAMILY = "1,2";
				TEST_HOST = "$(BUILT_PRODUCTS_DIR)/Wenea_Test.app/$(BUNDLE_EXECUTABLE_FOLDER_PATH)/Wenea_Test";
			};
			name = Release;
		};
		6ADDD08F2983B54E007F48E2 /* Debug */ = {
			isa = XCBuildConfiguration;
			buildSettings = {
				ALWAYS_EMBED_SWIFT_STANDARD_LIBRARIES = YES;
				CODE_SIGN_STYLE = Automatic;
				CURRENT_PROJECT_VERSION = 1;
				DEVELOPMENT_TEAM = WHD7W6NDFD;
				GENERATE_INFOPLIST_FILE = YES;
				MARKETING_VERSION = 1.0;
				PRODUCT_BUNDLE_IDENTIFIER = "com.eloysn.resultBuilders.Wenea-TestUITests";
				PRODUCT_NAME = "$(TARGET_NAME)";
				SWIFT_EMIT_LOC_STRINGS = NO;
				SWIFT_VERSION = 5.0;
				TARGETED_DEVICE_FAMILY = "1,2";
				TEST_TARGET_NAME = Wenea_Test;
			};
			name = Debug;
		};
		6ADDD0902983B54E007F48E2 /* Release */ = {
			isa = XCBuildConfiguration;
			buildSettings = {
				ALWAYS_EMBED_SWIFT_STANDARD_LIBRARIES = YES;
				CODE_SIGN_STYLE = Automatic;
				CURRENT_PROJECT_VERSION = 1;
				DEVELOPMENT_TEAM = WHD7W6NDFD;
				GENERATE_INFOPLIST_FILE = YES;
				MARKETING_VERSION = 1.0;
				PRODUCT_BUNDLE_IDENTIFIER = "com.eloysn.resultBuilders.Wenea-TestUITests";
				PRODUCT_NAME = "$(TARGET_NAME)";
				SWIFT_EMIT_LOC_STRINGS = NO;
				SWIFT_VERSION = 5.0;
				TARGETED_DEVICE_FAMILY = "1,2";
				TEST_TARGET_NAME = Wenea_Test;
			};
			name = Release;
		};
/* End XCBuildConfiguration section */

/* Begin XCConfigurationList section */
		6ADDD05F2983B54B007F48E2 /* Build configuration list for PBXProject "Wenea_Test" */ = {
			isa = XCConfigurationList;
			buildConfigurations = (
				6ADDD0862983B54E007F48E2 /* Debug */,
				6ADDD0872983B54E007F48E2 /* Release */,
			);
			defaultConfigurationIsVisible = 0;
			defaultConfigurationName = Release;
		};
		6ADDD0882983B54E007F48E2 /* Build configuration list for PBXNativeTarget "Wenea_Test" */ = {
			isa = XCConfigurationList;
			buildConfigurations = (
				6ADDD0892983B54E007F48E2 /* Debug */,
				6ADDD08A2983B54E007F48E2 /* Release */,
			);
			defaultConfigurationIsVisible = 0;
			defaultConfigurationName = Release;
		};
		6ADDD08B2983B54E007F48E2 /* Build configuration list for PBXNativeTarget "Wenea_TestTests" */ = {
			isa = XCConfigurationList;
			buildConfigurations = (
				6ADDD08C2983B54E007F48E2 /* Debug */,
				6ADDD08D2983B54E007F48E2 /* Release */,
			);
			defaultConfigurationIsVisible = 0;
			defaultConfigurationName = Release;
		};
		6ADDD08E2983B54E007F48E2 /* Build configuration list for PBXNativeTarget "Wenea_TestUITests" */ = {
			isa = XCConfigurationList;
			buildConfigurations = (
				6ADDD08F2983B54E007F48E2 /* Debug */,
				6ADDD0902983B54E007F48E2 /* Release */,
			);
			defaultConfigurationIsVisible = 0;
			defaultConfigurationName = Release;
		};
/* End XCConfigurationList section */
	};
	rootObject = 6ADDD05C2983B54B007F48E2 /* Project object */;
}
