// !$*UTF8*$!
{
	archiveVersion = 1;
	classes = {
	};
	objectVersion = 56;
	objects = {

/* Begin PBXBuildFile section */
		6ADDD0682983B54B007F48E2 /* Wenea_TestApp.swift in Sources */ = {isa = PBXBuildFile; fileRef = 6ADDD0672983B54B007F48E2 /* Wenea_TestApp.swift */; };
		6ADDD06A2983B54B007F48E2 /* ContentView.swift in Sources */ = {isa = PBXBuildFile; fileRef = 6ADDD0692983B54B007F48E2 /* ContentView.swift */; };
		6ADDD06C2983B54D007F48E2 /* Assets.xcassets in Resources */ = {isa = PBXBuildFile; fileRef = 6ADDD06B2983B54D007F48E2 /* Assets.xcassets */; };
		6ADDD06F2983B54D007F48E2 /* Preview Assets.xcassets in Resources */ = {isa = PBXBuildFile; fileRef = 6ADDD06E2983B54D007F48E2 /* Preview Assets.xcassets */; };
		6ADDD0792983B54E007F48E2 /* Wenea_TestTests.swift in Sources */ = {isa = PBXBuildFile; fileRef = 6ADDD0782983B54E007F48E2 /* Wenea_TestTests.swift */; };
		6ADDD0832983B54E007F48E2 /* Wenea_TestUITests.swift in Sources */ = {isa = PBXBuildFile; fileRef = 6ADDD0822983B54E007F48E2 /* Wenea_TestUITests.swift */; };
		6ADDD0852983B54E007F48E2 /* Wenea_TestUITestsLaunchTests.swift in Sources */ = {isa = PBXBuildFile; fileRef = 6ADDD0842983B54E007F48E2 /* Wenea_TestUITestsLaunchTests.swift */; };
/* End PBXBuildFile section */

/* Begin PBXContainerItemProxy section */
		6ADDD0752983B54E007F48E2 /* PBXContainerItemProxy */ = {
			isa = PBXContainerItemProxy;
			containerPortal = 6ADDD05C2983B54B007F48E2 /* Project object */;
			proxyType = 1;
			remoteGlobalIDString = 6ADDD0632983B54B007F48E2;
			remoteInfo = Wenea_Test;
		};
		6ADDD07F2983B54E007F48E2 /* PBXContainerItemProxy */ = {
			isa = PBXContainerItemProxy;
			containerPortal = 6ADDD05C2983B54B007F48E2 /* Project object */;
			proxyType = 1;
			remoteGlobalIDString = 6ADDD0632983B54B007F48E2;
			remoteInfo = Wenea_Test;
		};
/* End PBXContainerItemProxy section */

/* Begin PBXFileReference section */
		6ADDD0642983B54B007F48E2 /* Wenea_Test.app */ = {isa = PBXFileReference; explicitFileType = wrapper.application; includeInIndex = 0; path = Wenea_Test.app; sourceTree = BUILT_PRODUCTS_DIR; };
		6ADDD0672983B54B007F48E2 /* Wenea_TestApp.swift */ = {isa = PBXFileReference; lastKnownFileType = sourcecode.swift; path = Wenea_TestApp.swift; sourceTree = "<group>"; };
		6ADDD0692983B54B007F48E2 /* ContentView.swift */ = {isa = PBXFileReference; lastKnownFileType = sourcecode.swift; path = ContentView.swift; sourceTree = "<group>"; };
		6ADDD06B2983B54D007F48E2 /* Assets.xcassets */ = {isa = PBXFileReference; lastKnownFileType = folder.assetcatalog; path = Assets.xcassets; sourceTree = "<group>"; };
		6ADDD06E2983B54D007F48E2 /* Preview Assets.xcassets */ = {isa = PBXFileReference; lastKnownFileType = folder.assetcatalog; path = "Preview Assets.xcassets"; sourceTree = "<group>"; };
		6ADDD0742983B54E007F48E2 /* Wenea_TestTests.xctest */ = {isa = PBXFileReference; explicitFileType = wrapper.cfbundle; includeInIndex = 0; path = Wenea_TestTests.xctest; sourceTree = BUILT_PRODUCTS_DIR; };
		6ADDD0782983B54E007F48E2 /* Wenea_TestTests.swift */ = {isa = PBXFileReference; lastKnownFileType = sourcecode.swift; path = Wenea_TestTests.swift; sourceTree = "<group>"; };
		6ADDD07E2983B54E007F48E2 /* Wenea_TestUITests.xctest */ = {isa = PBXFileReference; explicitFileType = wrapper.cfbundle; includeInIndex = 0; path = Wenea_TestUITests.xctest; sourceTree = BUILT_PRODUCTS_DIR; };
		6ADDD0822983B54E007F48E2 /* Wenea_TestUITests.swift */ = {isa = PBXFileReference; lastKnownFileType = sourcecode.swift; path = Wenea_TestUITests.swift; sourceTree = "<group>"; };
		6ADDD0842983B54E007F48E2 /* Wenea_TestUITestsLaunchTests.swift */ = {isa = PBXFileReference; lastKnownFileType = sourcecode.swift; path = Wenea_TestUITestsLaunchTests.swift; sourceTree = "<group>"; };
/* End PBXFileReference section */

/* Begin PBXFrameworksBuildPhase section */
		6ADDD0612983B54B007F48E2 /* Frameworks */ = {
			isa = PBXFrameworksBuildPhase;
			buildActionMask = 2147483647;
			files = (
			);
			runOnlyForDeploymentPostprocessing = 0;
		};
		6ADDD0712983B54E007F48E2 /* Frameworks */ = {
			isa = PBXFrameworksBuildPhase;
			buildActionMask = 2147483647;
			files = (
			);
			runOnlyForDeploymentPostprocessing = 0;
		};
		6ADDD07B2983B54E007F48E2 /* Frameworks */ = {
			isa = PBXFrameworksBuildPhase;
			buildActionMask = 2147483647;
			files = (
			);
			runOnlyForDeploymentPostprocessing = 0;
		};
/* End PBXFrameworksBuildPhase section */

/* Begin PBXGroup section */
		6ADDD05B2983B54B007F48E2 = {
			isa = PBXGroup;
			children = (
				6ADDD0662983B54B007F48E2 /* Wenea_Test */,
				6ADDD0772983B54E007F48E2 /* Wenea_TestTests */,
				6ADDD0812983B54E007F48E2 /* Wenea_TestUITests */,
				6ADDD0652983B54B007F48E2 /* Products */,
			);
			sourceTree = "<group>";
		};
		6ADDD0652983B54B007F48E2 /* Products */ = {
			isa = PBXGroup;
			children = (
				6ADDD0642983B54B007F48E2 /* Wenea_Test.app */,
				6ADDD0742983B54E007F48E2 /* Wenea_TestTests.xctest */,
				6ADDD07E2983B54E007F48E2 /* Wenea_TestUITests.xctest */,
			);
			name = Products;
			sourceTree = "<group>";
		};
		6ADDD0662983B54B007F48E2 /* Wenea_Test */ = {
			isa = PBXGroup;
			children = (
				6ADDD0672983B54B007F48E2 /* Wenea_TestApp.swift */,
				6ADDD0692983B54B007F48E2 /* ContentView.swift */,
				6ADDD06B2983B54D007F48E2 /* Assets.xcassets */,
				6ADDD06D2983B54D007F48E2 /* Preview Content */,
			);
			path = Wenea_Test;
			sourceTree = "<group>";
		};
		6ADDD06D2983B54D007F48E2 /* Preview Content */ = {
			isa = PBXGroup;
			children = (
				6ADDD06E2983B54D007F48E2 /* Preview Assets.xcassets */,
			);
			path = "Preview Content";
			sourceTree = "<group>";
		};
		6ADDD0772983B54E007F48E2 /* Wenea_TestTests */ = {
			isa = PBXGroup;
			children = (
				6ADDD0782983B54E007F48E2 /* Wenea_TestTests.swift */,
			);
			path = Wenea_TestTests;
			sourceTree = "<group>";
		};
		6ADDD0812983B54E007F48E2 /* Wenea_TestUITests */ = {
			isa = PBXGroup;
			children = (
				6ADDD0822983B54E007F48E2 /* Wenea_TestUITests.swift */,
				6ADDD0842983B54E007F48E2 /* Wenea_TestUITestsLaunchTests.swift */,
			);
			path = Wenea_TestUITests;
			sourceTree = "<group>";
		};
/* End PBXGroup section */

/* Begin PBXNativeTarget section */
		6ADDD0632983B54B007F48E2 /* Wenea_Test */ = {
			isa = PBXNativeTarget;
			buildConfigurationList = 6ADDD0882983B54E007F48E2 /* Build configuration list for PBXNativeTarget "Wenea_Test" */;
			buildPhases = (
				6ADDD0602983B54B007F48E2 /* Sources */,
				6ADDD0612983B54B007F48E2 /* Frameworks */,
				6ADDD0622983B54B007F48E2 /* Resources */,
			);
			buildRules = (
			);
			dependencies = (
			);
			name = Wenea_Test;
			productName = Wenea_Test;
			productReference = 6ADDD0642983B54B007F48E2 /* Wenea_Test.app */;
			productType = "com.apple.product-type.application";
		};
		6ADDD0732983B54E007F48E2 /* Wenea_TestTests */ = {
			isa = PBXNativeTarget;
			buildConfigurationList = 6ADDD08B2983B54E007F48E2 /* Build configuration list for PBXNativeTarget "Wenea_TestTests" */;
			buildPhases = (
				6ADDD0702983B54E007F48E2 /* Sources */,
				6ADDD0712983B54E007F48E2 /* Frameworks */,
				6ADDD0722983B54E007F48E2 /* Resources */,
			);
			buildRules = (
			);
			dependencies = (
				6ADDD0762983B54E007F48E2 /* PBXTargetDependency */,
			);
			name = Wenea_TestTests;
			productName = Wenea_TestTests;
			productReference = 6ADDD0742983B54E007F48E2 /* Wenea_TestTests.xctest */;
			productType = "com.apple.product-type.bundle.unit-test";
		};
		6ADDD07D2983B54E007F48E2 /* Wenea_TestUITests */ = {
			isa = PBXNativeTarget;
			buildConfigurationList = 6ADDD08E2983B54E007F48E2 /* Build configuration list for PBXNativeTarget "Wenea_TestUITests" */;
			buildPhases = (
				6ADDD07A2983B54E007F48E2 /* Sources */,
				6ADDD07B2983B54E007F48E2 /* Frameworks */,
				6ADDD07C2983B54E007F48E2 /* Resources */,
			);
			buildRules = (
			);
			dependencies = (
				6ADDD0802983B54E007F48E2 /* PBXTargetDependency */,
			);
			name = Wenea_TestUITests;
			productName = Wenea_TestUITests;
			productReference = 6ADDD07E2983B54E007F48E2 /* Wenea_TestUITests.xctest */;
			productType = "com.apple.product-type.bundle.ui-testing";
		};
/* End PBXNativeTarget section */

/* Begin PBXProject section */
		6ADDD05C2983B54B007F48E2 /* Project object */ = {
			isa = PBXProject;
			attributes = {
				BuildIndependentTargetsInParallel = 1;
				LastSwiftUpdateCheck = 1420;
				LastUpgradeCheck = 1420;
				TargetAttributes = {
					6ADDD0632983B54B007F48E2 = {
						CreatedOnToolsVersion = 14.2;
					};
					6ADDD0732983B54E007F48E2 = {
						CreatedOnToolsVersion = 14.2;
						TestTargetID = 6ADDD0632983B54B007F48E2;
					};
					6ADDD07D2983B54E007F48E2 = {
						CreatedOnToolsVersion = 14.2;
						TestTargetID = 6ADDD0632983B54B007F48E2;
					};
				};
			};
			buildConfigurationList = 6ADDD05F2983B54B007F48E2 /* Build configuration list for PBXProject "Wenea_Test" */;
			compatibilityVersion = "Xcode 14.0";
			developmentRegion = en;
			hasScannedForEncodings = 0;
			knownRegions = (
				en,
				Base,
			);
			mainGroup = 6ADDD05B2983B54B007F48E2;
			productRefGroup = 6ADDD0652983B54B007F48E2 /* Products */;
			projectDirPath = "";
			projectRoot = "";
			targets = (
				6ADDD0632983B54B007F48E2 /* Wenea_Test */,
				6ADDD0732983B54E007F48E2 /* Wenea_TestTests */,
				6ADDD07D2983B54E007F48E2 /* Wenea_TestUITests */,
			);
		};
/* End PBXProject section */

/* Begin PBXResourcesBuildPhase section */
		6ADDD0622983B54B007F48E2 /* Resources */ = {
			isa = PBXResourcesBuildPhase;
			buildActionMask = 2147483647;
			files = (
				6ADDD06F2983B54D007F48E2 /* Preview Assets.xcassets in Resources */,
				6ADDD06C2983B54D007F48E2 /* Assets.xcassets in Resources */,
			);
			runOnlyForDeploymentPostprocessing = 0;
		};
		6ADDD0722983B54E007F48E2 /* Resources */ = {
			isa = PBXResourcesBuildPhase;
			buildActionMask = 2147483647;
			files = (
			);
			runOnlyForDeploymentPostprocessing = 0;
		};
		6ADDD07C2983B54E007F48E2 /* Resources */ = {
			isa = PBXResourcesBuildPhase;
			buildActionMask = 2147483647;
			files = (
			);
			runOnlyForDeploymentPostprocessing = 0;
		};
/* End PBXResourcesBuildPhase section */

/* Begin PBXSourcesBuildPhase section */
		6ADDD0602983B54B007F48E2 /* Sources */ = {
			isa = PBXSourcesBuildPhase;
			buildActionMask = 2147483647;
			files = (
				6ADDD06A2983B54B007F48E2 /* ContentView.swift in Sources */,
				6ADDD0682983B54B007F48E2 /* Wenea_TestApp.swift in Sources */,
			);
			runOnlyForDeploymentPostprocessing = 0;
		};
		6ADDD0702983B54E007F48E2 /* Sources */ = {
			isa = PBXSourcesBuildPhase;
			buildActionMask = 2147483647;
			files = (
				6ADDD0792983B54E007F48E2 /* Wenea_TestTests.swift in Sources */,
			);
			runOnlyForDeploymentPostprocessing = 0;
		};
		6ADDD07A2983B54E007F48E2 /* Sources */ = {
			isa = PBXSourcesBuildPhase;
			buildActionMask = 2147483647;
			files = (
				6ADDD0832983B54E007F48E2 /* Wenea_TestUITests.swift in Sources */,
				6ADDD0852983B54E007F48E2 /* Wenea_TestUITestsLaunchTests.swift in Sources */,
			);
			runOnlyForDeploymentPostprocessing = 0;
		};
/* End PBXSourcesBuildPhase section */

/* Begin PBXTargetDependency section */
		6ADDD0762983B54E007F48E2 /* PBXTargetDependency */ = {
			isa = PBXTargetDependency;
			target = 6ADDD0632983B54B007F48E2 /* Wenea_Test */;
			targetProxy = 6ADDD0752983B54E007F48E2 /* PBXContainerItemProxy */;
		};
		6ADDD0802983B54E007F48E2 /* PBXTargetDependency */ = {
			isa = PBXTargetDependency;
			target = 6ADDD0632983B54B007F48E2 /* Wenea_Test */;
			targetProxy = 6ADDD07F2983B54E007F48E2 /* PBXContainerItemProxy */;
		};
/* End PBXTargetDependency section */

/* Begin XCBuildConfiguration section */
		6ADDD0862983B54E007F48E2 /* Debug */ = {
			isa = XCBuildConfiguration;
			buildSettings = {
				ALWAYS_SEARCH_USER_PATHS = NO;
				CLANG_ANALYZER_NONNULL = YES;
				CLANG_ANALYZER_NUMBER_OBJECT_CONVERSION = YES_AGGRESSIVE;
				CLANG_CXX_LANGUAGE_STANDARD = "gnu++20";
				CLANG_ENABLE_MODULES = YES;
				CLANG_ENABLE_OBJC_ARC = YES;
				CLANG_ENABLE_OBJC_WEAK = YES;
				CLANG_WARN_BLOCK_CAPTURE_AUTORELEASING = YES;
				CLANG_WARN_BOOL_CONVERSION = YES;
				CLANG_WARN_COMMA = YES;
				CLANG_WARN_CONSTANT_CONVERSION = YES;
				CLANG_WARN_DEPRECATED_OBJC_IMPLEMENTATIONS = YES;
				CLANG_WARN_DIRECT_OBJC_ISA_USAGE = YES_ERROR;
				CLANG_WARN_DOCUMENTATION_COMMENTS = YES;
				CLANG_WARN_EMPTY_BODY = YES;
				CLANG_WARN_ENUM_CONVERSION = YES;
				CLANG_WARN_INFINITE_RECURSION = YES;
				CLANG_WARN_INT_CONVERSION = YES;
				CLANG_WARN_NON_LITERAL_NULL_CONVERSION = YES;
				CLANG_WARN_OBJC_IMPLICIT_RETAIN_SELF = YES;
				CLANG_WARN_OBJC_LITERAL_CONVERSION = YES;
				CLANG_WARN_OBJC_ROOT_CLASS = YES_ERROR;
				CLANG_WARN_QUOTED_INCLUDE_IN_FRAMEWORK_HEADER = YES;
				CLANG_WARN_RANGE_LOOP_ANALYSIS = YES;
				CLANG_WARN_STRICT_PROTOTYPES = YES;
				CLANG_WARN_SUSPICIOUS_MOVE = YES;
				CLANG_WARN_UNGUARDED_AVAILABILITY = YES_AGGRESSIVE;
				CLANG_WARN_UNREACHABLE_CODE = YES;
				CLANG_WARN__DUPLICATE_METHOD_MATCH = YES;
				COPY_PHASE_STRIP = NO;
				DEBUG_INFORMATION_FORMAT = dwarf;
				ENABLE_STRICT_OBJC_MSGSEND = YES;
				ENABLE_TESTABILITY = YES;
				GCC_C_LANGUAGE_STANDARD = gnu11;
				GCC_DYNAMIC_NO_PIC = NO;
				GCC_NO_COMMON_BLOCKS = YES;
				GCC_OPTIMIZATION_LEVEL = 0;
				GCC_PREPROCESSOR_DEFINITIONS = (
					"DEBUG=1",
					"$(inherited)",
				);
				GCC_WARN_64_TO_32_BIT_CONVERSION = YES;
				GCC_WARN_ABOUT_RETURN_TYPE = YES_ERROR;
				GCC_WARN_UNDECLARED_SELECTOR = YES;
				GCC_WARN_UNINITIALIZED_AUTOS = YES_AGGRESSIVE;
				GCC_WARN_UNUSED_FUNCTION = YES;
				GCC_WARN_UNUSED_VARIABLE = YES;
				IPHONEOS_DEPLOYMENT_TARGET = 16.2;
				MTL_ENABLE_DEBUG_INFO = INCLUDE_SOURCE;
				MTL_FAST_MATH = YES;
				ONLY_ACTIVE_ARCH = YES;
				SDKROOT = iphoneos;
				SWIFT_ACTIVE_COMPILATION_CONDITIONS = DEBUG;
				SWIFT_OPTIMIZATION_LEVEL = "-Onone";
			};
			name = Debug;
		};
		6ADDD0872983B54E007F48E2 /* Release */ = {
			isa = XCBuildConfiguration;
			buildSettings = {
				ALWAYS_SEARCH_USER_PATHS = NO;
				CLANG_ANALYZER_NONNULL = YES;
				CLANG_ANALYZER_NUMBER_OBJECT_CONVERSION = YES_AGGRESSIVE;
				CLANG_CXX_LANGUAGE_STANDARD = "gnu++20";
				CLANG_ENABLE_MODULES = YES;
				CLANG_ENABLE_OBJC_ARC = YES;
				CLANG_ENABLE_OBJC_WEAK = YES;
				CLANG_WARN_BLOCK_CAPTURE_AUTORELEASING = YES;
				CLANG_WARN_BOOL_CONVERSION = YES;
				CLANG_WARN_COMMA = YES;
				CLANG_WARN_CONSTANT_CONVERSION = YES;
				CLANG_WARN_DEPRECATED_OBJC_IMPLEMENTATIONS = YES;
				CLANG_WARN_DIRECT_OBJC_ISA_USAGE = YES_ERROR;
				CLANG_WARN_DOCUMENTATION_COMMENTS = YES;
				CLANG_WARN_EMPTY_BODY = YES;
				CLANG_WARN_ENUM_CONVERSION = YES;
				CLANG_WARN_INFINITE_RECURSION = YES;
				CLANG_WARN_INT_CONVERSION = YES;
				CLANG_WARN_NON_LITERAL_NULL_CONVERSION = YES;
				CLANG_WARN_OBJC_IMPLICIT_RETAIN_SELF = YES;
				CLANG_WARN_OBJC_LITERAL_CONVERSION = YES;
				CLANG_WARN_OBJC_ROOT_CLASS = YES_ERROR;
				CLANG_WARN_QUOTED_INCLUDE_IN_FRAMEWORK_HEADER = YES;
				CLANG_WARN_RANGE_LOOP_ANALYSIS = YES;
				CLANG_WARN_STRICT_PROTOTYPES = YES;
				CLANG_WARN_SUSPICIOUS_MOVE = YES;
				CLANG_WARN_UNGUARDED_AVAILABILITY = YES_AGGRESSIVE;
				CLANG_WARN_UNREACHABLE_CODE = YES;
				CLANG_WARN__DUPLICATE_METHOD_MATCH = YES;
				COPY_PHASE_STRIP = NO;
				DEBUG_INFORMATION_FORMAT = "dwarf-with-dsym";
				ENABLE_NS_ASSERTIONS = NO;
				ENABLE_STRICT_OBJC_MSGSEND = YES;
				GCC_C_LANGUAGE_STANDARD = gnu11;
				GCC_NO_COMMON_BLOCKS = YES;
				GCC_WARN_64_TO_32_BIT_CONVERSION = YES;
				GCC_WARN_ABOUT_RETURN_TYPE = YES_ERROR;
				GCC_WARN_UNDECLARED_SELECTOR = YES;
				GCC_WARN_UNINITIALIZED_AUTOS = YES_AGGRESSIVE;
				GCC_WARN_UNUSED_FUNCTION = YES;
				GCC_WARN_UNUSED_VARIABLE = YES;
				IPHONEOS_DEPLOYMENT_TARGET = 16.2;
				MTL_ENABLE_DEBUG_INFO = NO;
				MTL_FAST_MATH = YES;
				SDKROOT = iphoneos;
				SWIFT_COMPILATION_MODE = wholemodule;
				SWIFT_OPTIMIZATION_LEVEL = "-O";
				VALIDATE_PRODUCT = YES;
			};
			name = Release;
		};
		6ADDD0892983B54E007F48E2 /* Debug */ = {
			isa = XCBuildConfiguration;
			buildSettings = {
				ASSETCATALOG_COMPILER_APPICON_NAME = AppIcon;
				ASSETCATALOG_COMPILER_GLOBAL_ACCENT_COLOR_NAME = AccentColor;
				CODE_SIGN_STYLE = Automatic;
				CURRENT_PROJECT_VERSION = 1;
				DEVELOPMENT_ASSET_PATHS = "\"Wenea_Test/Preview Content\"";
				DEVELOPMENT_TEAM = WHD7W6NDFD;
				ENABLE_PREVIEWS = YES;
				GENERATE_INFOPLIST_FILE = YES;
				INFOPLIST_KEY_UIApplicationSceneManifest_Generation = YES;
				INFOPLIST_KEY_UIApplicationSupportsIndirectInputEvents = YES;
				INFOPLIST_KEY_UILaunchScreen_Generation = YES;
				INFOPLIST_KEY_UISupportedInterfaceOrientations_iPad = "UIInterfaceOrientationPortrait UIInterfaceOrientationPortraitUpsideDown UIInterfaceOrientationLandscapeLeft UIInterfaceOrientationLandscapeRight";
				INFOPLIST_KEY_UISupportedInterfaceOrientations_iPhone = "UIInterfaceOrientationPortrait UIInterfaceOrientationLandscapeLeft UIInterfaceOrientationLandscapeRight";
				LD_RUNPATH_SEARCH_PATHS = (
					"$(inherited)",
					"@executable_path/Frameworks",
				);
				MARKETING_VERSION = 1.0;
				PRODUCT_BUNDLE_IDENTIFIER = "com.eloysn.resultBuilders.Wenea-Test";
				PRODUCT_NAME = "$(TARGET_NAME)";
				SWIFT_EMIT_LOC_STRINGS = YES;
				SWIFT_VERSION = 5.0;
				TARGETED_DEVICE_FAMILY = "1,2";
			};
			name = Debug;
		};
		6ADDD08A2983B54E007F48E2 /* Release */ = {
			isa = XCBuildConfiguration;
			buildSettings = {
				ASSETCATALOG_COMPILER_APPICON_NAME = AppIcon;
				ASSETCATALOG_COMPILER_GLOBAL_ACCENT_COLOR_NAME = AccentColor;
				CODE_SIGN_STYLE = Automatic;
				CURRENT_PROJECT_VERSION = 1;
				DEVELOPMENT_ASSET_PATHS = "\"Wenea_Test/Preview Content\"";
				DEVELOPMENT_TEAM = WHD7W6NDFD;
				ENABLE_PREVIEWS = YES;
				GENERATE_INFOPLIST_FILE = YES;
				INFOPLIST_KEY_UIApplicationSceneManifest_Generation = YES;
				INFOPLIST_KEY_UIApplicationSupportsIndirectInputEvents = YES;
				INFOPLIST_KEY_UILaunchScreen_Generation = YES;
				INFOPLIST_KEY_UISupportedInterfaceOrientations_iPad = "UIInterfaceOrientationPortrait UIInterfaceOrientationPortraitUpsideDown UIInterfaceOrientationLandscapeLeft UIInterfaceOrientationLandscapeRight";
				INFOPLIST_KEY_UISupportedInterfaceOrientations_iPhone = "UIInterfaceOrientationPortrait UIInterfaceOrientationLandscapeLeft UIInterfaceOrientationLandscapeRight";
				LD_RUNPATH_SEARCH_PATHS = (
					"$(inherited)",
					"@executable_path/Frameworks",
				);
				MARKETING_VERSION = 1.0;
				PRODUCT_BUNDLE_IDENTIFIER = "com.eloysn.resultBuilders.Wenea-Test";
				PRODUCT_NAME = "$(TARGET_NAME)";
				SWIFT_EMIT_LOC_STRINGS = YES;
				SWIFT_VERSION = 5.0;
				TARGETED_DEVICE_FAMILY = "1,2";
			};
			name = Release;
		};
		6ADDD08C2983B54E007F48E2 /* Debug */ = {
			isa = XCBuildConfiguration;
			buildSettings = {
				ALWAYS_EMBED_SWIFT_STANDARD_LIBRARIES = YES;
				BUNDLE_LOADER = "$(TEST_HOST)";
				CODE_SIGN_STYLE = Automatic;
				CURRENT_PROJECT_VERSION = 1;
				DEVELOPMENT_TEAM = WHD7W6NDFD;
				GENERATE_INFOPLIST_FILE = YES;
				IPHONEOS_DEPLOYMENT_TARGET = 16.2;
				MARKETING_VERSION = 1.0;
				PRODUCT_BUNDLE_IDENTIFIER = "com.eloysn.resultBuilders.Wenea-TestTests";
				PRODUCT_NAME = "$(TARGET_NAME)";
				SWIFT_EMIT_LOC_STRINGS = NO;
				SWIFT_VERSION = 5.0;
				TARGETED_DEVICE_FAMILY = "1,2";
				TEST_HOST = "$(BUILT_PRODUCTS_DIR)/Wenea_Test.app/$(BUNDLE_EXECUTABLE_FOLDER_PATH)/Wenea_Test";
			};
			name = Debug;
		};
		6ADDD08D2983B54E007F48E2 /* Release */ = {
			isa = XCBuildConfiguration;
			buildSettings = {
				ALWAYS_EMBED_SWIFT_STANDARD_LIBRARIES = YES;
				BUNDLE_LOADER = "$(TEST_HOST)";
				CODE_SIGN_STYLE = Automatic;
				CURRENT_PROJECT_VERSION = 1;
				DEVELOPMENT_TEAM = WHD7W6NDFD;
				GENERATE_INFOPLIST_FILE = YES;
				IPHONEOS_DEPLOYMENT_TARGET = 16.2;
				MARKETING_VERSION = 1.0;
				PRODUCT_BUNDLE_IDENTIFIER = "com.eloysn.resultBuilders.Wenea-TestTests";
				PRODUCT_NAME = "$(TARGET_NAME)";
				SWIFT_EMIT_LOC_STRINGS = NO;
				SWIFT_VERSION = 5.0;
				TARGETED_DEVICE_FAMILY = "1,2";
				TEST_HOST = "$(BUILT_PRODUCTS_DIR)/Wenea_Test.app/$(BUNDLE_EXECUTABLE_FOLDER_PATH)/Wenea_Test";
			};
			name = Release;
		};
		6ADDD08F2983B54E007F48E2 /* Debug */ = {
			isa = XCBuildConfiguration;
			buildSettings = {
				ALWAYS_EMBED_SWIFT_STANDARD_LIBRARIES = YES;
				CODE_SIGN_STYLE = Automatic;
				CURRENT_PROJECT_VERSION = 1;
				DEVELOPMENT_TEAM = WHD7W6NDFD;
				GENERATE_INFOPLIST_FILE = YES;
				MARKETING_VERSION = 1.0;
				PRODUCT_BUNDLE_IDENTIFIER = "com.eloysn.resultBuilders.Wenea-TestUITests";
				PRODUCT_NAME = "$(TARGET_NAME)";
				SWIFT_EMIT_LOC_STRINGS = NO;
				SWIFT_VERSION = 5.0;
				TARGETED_DEVICE_FAMILY = "1,2";
				TEST_TARGET_NAME = Wenea_Test;
			};
			name = Debug;
		};
		6ADDD0902983B54E007F48E2 /* Release */ = {
			isa = XCBuildConfiguration;
			buildSettings = {
				ALWAYS_EMBED_SWIFT_STANDARD_LIBRARIES = YES;
				CODE_SIGN_STYLE = Automatic;
				CURRENT_PROJECT_VERSION = 1;
				DEVELOPMENT_TEAM = WHD7W6NDFD;
				GENERATE_INFOPLIST_FILE = YES;
				MARKETING_VERSION = 1.0;
				PRODUCT_BUNDLE_IDENTIFIER = "com.eloysn.resultBuilders.Wenea-TestUITests";
				PRODUCT_NAME = "$(TARGET_NAME)";
				SWIFT_EMIT_LOC_STRINGS = NO;
				SWIFT_VERSION = 5.0;
				TARGETED_DEVICE_FAMILY = "1,2";
				TEST_TARGET_NAME = Wenea_Test;
			};
			name = Release;
		};
/* End XCBuildConfiguration section */

/* Begin XCConfigurationList section */
		6ADDD05F2983B54B007F48E2 /* Build configuration list for PBXProject "Wenea_Test" */ = {
			isa = XCConfigurationList;
			buildConfigurations = (
				6ADDD0862983B54E007F48E2 /* Debug */,
				6ADDD0872983B54E007F48E2 /* Release */,
			);
			defaultConfigurationIsVisible = 0;
			defaultConfigurationName = Release;
		};
		6ADDD0882983B54E007F48E2 /* Build configuration list for PBXNativeTarget "Wenea_Test" */ = {
			isa = XCConfigurationList;
			buildConfigurations = (
				6ADDD0892983B54E007F48E2 /* Debug */,
				6ADDD08A2983B54E007F48E2 /* Release */,
			);
			defaultConfigurationIsVisible = 0;
			defaultConfigurationName = Release;
		};
		6ADDD08B2983B54E007F48E2 /* Build configuration list for PBXNativeTarget "Wenea_TestTests" */ = {
			isa = XCConfigurationList;
			buildConfigurations = (
				6ADDD08C2983B54E007F48E2 /* Debug */,
				6ADDD08D2983B54E007F48E2 /* Release */,
			);
			defaultConfigurationIsVisible = 0;
			defaultConfigurationName = Release;
		};
		6ADDD08E2983B54E007F48E2 /* Build configuration list for PBXNativeTarget "Wenea_TestUITests" */ = {
			isa = XCConfigurationList;
			buildConfigurations = (
				6ADDD08F2983B54E007F48E2 /* Debug */,
				6ADDD0902983B54E007F48E2 /* Release */,
			);
			defaultConfigurationIsVisible = 0;
			defaultConfigurationName = Release;
		};
/* End XCConfigurationList section */
	};
	rootObject = 6ADDD05C2983B54B007F48E2 /* Project object */;
}
